
Microsoft Visual Studio Solution File, Format Version 12.00
# Visual Studio Version 16
VisualStudioVersion = 16.0.30503.244
MinimumVisualStudioVersion = 10.0.40219.1
Project("{9A19103F-16F7-4668-BE54-9A1E7A4F7556}") = "DutchTreat", "DutchTreat.csproj", "{A958AF77-7F67-4B0A-AA82-CBEF48323206}"
EndProject
Project("{2150E333-8FDC-42A3-9474-1A3956D46DE8}") = "Solution Items", "Solution Items", "{0E8590C5-A0B0-4B28-BA6F-39A175B36A2C}"
EndProject
Global
	GlobalSection(SolutionConfigurationPlatforms) = preSolution
		Debug|Any CPU = Debug|Any CPU
		Release|Any CPU = Release|Any CPU
	EndGlobalSection
	GlobalSection(ProjectConfigurationPlatforms) = postSolution
		{A958AF77-7F67-4B0A-AA82-CBEF48323206}.Debug|Any CPU.ActiveCfg = Debug|Any CPU
		{A958AF77-7F67-4B0A-AA82-CBEF48323206}.Debug|Any CPU.Build.0 = Debug|Any CPU
		{A958AF77-7F67-4B0A-AA82-CBEF48323206}.Release|Any CPU.ActiveCfg = Release|Any CPU
		{A958AF77-7F67-4B0A-AA82-CBEF48323206}.Release|Any CPU.Build.0 = Release|Any CPU
	EndGlobalSection
	GlobalSection(SolutionProperties) = preSolution
		HideSolutionNode = FALSE
	EndGlobalSection
	GlobalSection(ExtensibilityGlobals) = postSolution
		SolutionGuid = {A4F8CED1-752D-4C3A-93D3-3FADFCA2A00F}
	EndGlobalSection
EndGlobal
